<Solution>
  <Folder Name="/client/">
    <Project Path="client\LionBitcoin.Service.Wallet.Client\LionBitcoin.Service.Wallet.Client.csproj" Type="Classic C#" />
  </Folder>
  <Folder Name="/server/">
    <Project Path="server/LionBitcoin.Service.Wallet.Api/LionBitcoin.Service.Wallet.Api.csproj" />
  </Folder>
</Solution>